
Microsoft Visual Studio Solution File, Format Version 12.00
# Visual Studio Version 17
VisualStudioVersion = 17.3.32825.248
MinimumVisualStudioVersion = 10.0.40219.1
Project("{9A19103F-16F7-4668-BE54-9A1E7A4F7556}") = "Study", "Study\Study.csproj", "{84FC0EDB-BC4F-4821-85F5-6A5EEB87BB04}"
EndProject
Project("{9A19103F-16F7-4668-BE54-9A1E7A4F7556}") = "ActionBlockStudy", "ActionBlockStudy\ActionBlockStudy.csproj", "{46738891-031D-4506-9D2D-657FE4516234}"
EndProject
Project("{2150E333-8FDC-42A3-9474-1A3956D46DE8}") = "GrpcWeb", "GrpcWeb", "{7767611B-51F1-4355-B012-28589347EB2D}"
EndProject
Project("{9A19103F-16F7-4668-BE54-9A1E7A4F7556}") = "GrpcContracts", "GrpcContracts\GrpcContracts.csproj", "{33497145-3F70-443D-BDB6-04066CF6DEBF}"
EndProject
Project("{9A19103F-16F7-4668-BE54-9A1E7A4F7556}") = "GrpcService", "GrpcService\GrpcService.csproj", "{B5D49606-83FD-4FBC-90AD-0468556EF14D}"
EndProject
Project("{9A19103F-16F7-4668-BE54-9A1E7A4F7556}") = "GrpcClient", "GrpcClient\GrpcClient.csproj", "{EDE82D66-F021-441A-AA5F-B31969219B24}"
EndProject
Project("{9A19103F-16F7-4668-BE54-9A1E7A4F7556}") = "GrpcConsoleClient", "GrpcConsoleClient\GrpcConsoleClient.csproj", "{CA6588DC-A786-43D9-8DC1-695CCE79B3AA}"
EndProject
Project("{2150E333-8FDC-42A3-9474-1A3956D46DE8}") = "Identity", "Identity", "{A14B8BCC-5CBB-455D-B680-B5A2431326F9}"
EndProject
Project("{FAE04EC0-301F-11D3-BF4B-00C04F79EFBC}") = "AuthCookieWithOutIdentity", "AuthCookieWithOutIdentity\AuthCookieWithOutIdentity.csproj", "{0C7D00B0-1D59-4F02-92D5-95A25A1A1A89}"
EndProject
Global
	GlobalSection(SolutionConfigurationPlatforms) = preSolution
		Debug|Any CPU = Debug|Any CPU
		Release|Any CPU = Release|Any CPU
	EndGlobalSection
	GlobalSection(ProjectConfigurationPlatforms) = postSolution
		{84FC0EDB-BC4F-4821-85F5-6A5EEB87BB04}.Debug|Any CPU.ActiveCfg = Debug|Any CPU
		{84FC0EDB-BC4F-4821-85F5-6A5EEB87BB04}.Debug|Any CPU.Build.0 = Debug|Any CPU
		{84FC0EDB-BC4F-4821-85F5-6A5EEB87BB04}.Release|Any CPU.ActiveCfg = Release|Any CPU
		{84FC0EDB-BC4F-4821-85F5-6A5EEB87BB04}.Release|Any CPU.Build.0 = Release|Any CPU
		{46738891-031D-4506-9D2D-657FE4516234}.Debug|Any CPU.ActiveCfg = Debug|Any CPU
		{46738891-031D-4506-9D2D-657FE4516234}.Debug|Any CPU.Build.0 = Debug|Any CPU
		{46738891-031D-4506-9D2D-657FE4516234}.Release|Any CPU.ActiveCfg = Release|Any CPU
		{46738891-031D-4506-9D2D-657FE4516234}.Release|Any CPU.Build.0 = Release|Any CPU
		{33497145-3F70-443D-BDB6-04066CF6DEBF}.Debug|Any CPU.ActiveCfg = Debug|Any CPU
		{33497145-3F70-443D-BDB6-04066CF6DEBF}.Debug|Any CPU.Build.0 = Debug|Any CPU
		{33497145-3F70-443D-BDB6-04066CF6DEBF}.Release|Any CPU.ActiveCfg = Release|Any CPU
		{33497145-3F70-443D-BDB6-04066CF6DEBF}.Release|Any CPU.Build.0 = Release|Any CPU
		{B5D49606-83FD-4FBC-90AD-0468556EF14D}.Debug|Any CPU.ActiveCfg = Debug|Any CPU
		{B5D49606-83FD-4FBC-90AD-0468556EF14D}.Debug|Any CPU.Build.0 = Debug|Any CPU
		{B5D49606-83FD-4FBC-90AD-0468556EF14D}.Release|Any CPU.ActiveCfg = Release|Any CPU
		{B5D49606-83FD-4FBC-90AD-0468556EF14D}.Release|Any CPU.Build.0 = Release|Any CPU
		{EDE82D66-F021-441A-AA5F-B31969219B24}.Debug|Any CPU.ActiveCfg = Debug|Any CPU
		{EDE82D66-F021-441A-AA5F-B31969219B24}.Debug|Any CPU.Build.0 = Debug|Any CPU
		{EDE82D66-F021-441A-AA5F-B31969219B24}.Release|Any CPU.ActiveCfg = Release|Any CPU
		{EDE82D66-F021-441A-AA5F-B31969219B24}.Release|Any CPU.Build.0 = Release|Any CPU
		{CA6588DC-A786-43D9-8DC1-695CCE79B3AA}.Debug|Any CPU.ActiveCfg = Debug|Any CPU
		{CA6588DC-A786-43D9-8DC1-695CCE79B3AA}.Debug|Any CPU.Build.0 = Debug|Any CPU
		{CA6588DC-A786-43D9-8DC1-695CCE79B3AA}.Release|Any CPU.ActiveCfg = Release|Any CPU
		{CA6588DC-A786-43D9-8DC1-695CCE79B3AA}.Release|Any CPU.Build.0 = Release|Any CPU
		{0C7D00B0-1D59-4F02-92D5-95A25A1A1A89}.Debug|Any CPU.ActiveCfg = Debug|Any CPU
		{0C7D00B0-1D59-4F02-92D5-95A25A1A1A89}.Debug|Any CPU.Build.0 = Debug|Any CPU
		{0C7D00B0-1D59-4F02-92D5-95A25A1A1A89}.Release|Any CPU.ActiveCfg = Release|Any CPU
		{0C7D00B0-1D59-4F02-92D5-95A25A1A1A89}.Release|Any CPU.Build.0 = Release|Any CPU
	EndGlobalSection
	GlobalSection(SolutionProperties) = preSolution
		HideSolutionNode = FALSE
	EndGlobalSection
	GlobalSection(NestedProjects) = preSolution
		{33497145-3F70-443D-BDB6-04066CF6DEBF} = {7767611B-51F1-4355-B012-28589347EB2D}
		{B5D49606-83FD-4FBC-90AD-0468556EF14D} = {7767611B-51F1-4355-B012-28589347EB2D}
		{EDE82D66-F021-441A-AA5F-B31969219B24} = {7767611B-51F1-4355-B012-28589347EB2D}
		{CA6588DC-A786-43D9-8DC1-695CCE79B3AA} = {7767611B-51F1-4355-B012-28589347EB2D}
		{0C7D00B0-1D59-4F02-92D5-95A25A1A1A89} = {A14B8BCC-5CBB-455D-B680-B5A2431326F9}
	EndGlobalSection
	GlobalSection(ExtensibilityGlobals) = postSolution
		SolutionGuid = {6678D007-813C-47CE-9904-93D089F54028}
	EndGlobalSection
EndGlobal
